// !$*UTF8*$!
{
	archiveVersion = 1;
	classes = {
	};
	objectVersion = 56;
	objects = {

/* Begin PBXBuildFile section */
		DABFBC3F2A93979D0055185C /* meadow_uitesting_mockupUITests.swift in Sources */ = {isa = PBXBuildFile; fileRef = DABFBC3E2A93979D0055185C /* meadow_uitesting_mockupUITests.swift */; };
		DABFBC412A93979D0055185C /* meadow_uitesting_mockupUITestsLaunchTests.swift in Sources */ = {isa = PBXBuildFile; fileRef = DABFBC402A93979D0055185C /* meadow_uitesting_mockupUITestsLaunchTests.swift */; };
		DAE3B34B2A7AB9DD004C572A /* meadow_uitesting_mockupApp.swift in Sources */ = {isa = PBXBuildFile; fileRef = DAE3B34A2A7AB9DD004C572A /* meadow_uitesting_mockupApp.swift */; };
		DAE3B34D2A7AB9DD004C572A /* ContentView.swift in Sources */ = {isa = PBXBuildFile; fileRef = DAE3B34C2A7AB9DD004C572A /* ContentView.swift */; };
		DAE3B34F2A7AB9DE004C572A /* Assets.xcassets in Resources */ = {isa = PBXBuildFile; fileRef = DAE3B34E2A7AB9DE004C572A /* Assets.xcassets */; };
		DAE3B3532A7AB9DE004C572A /* Preview Assets.xcassets in Resources */ = {isa = PBXBuildFile; fileRef = DAE3B3522A7AB9DE004C572A /* Preview Assets.xcassets */; };
/* End PBXBuildFile section */

/* Begin PBXContainerItemProxy section */
		DABFBC422A93979D0055185C /* PBXContainerItemProxy */ = {
			isa = PBXContainerItemProxy;
			containerPortal = DAE3B33F2A7AB9DD004C572A /* Project object */;
			proxyType = 1;
			remoteGlobalIDString = DAE3B3462A7AB9DD004C572A;
			remoteInfo = meadow.uitesting.mockup;
		};
/* End PBXContainerItemProxy section */

/* Begin PBXFileReference section */
		DABFBC372A93956D0055185C /* TestPlan.xctestplan */ = {isa = PBXFileReference; lastKnownFileType = text; path = TestPlan.xctestplan; sourceTree = "<group>"; };
		DABFBC3C2A93979D0055185C /* meadow.uitesting.mockupUITests.xctest */ = {isa = PBXFileReference; explicitFileType = wrapper.cfbundle; includeInIndex = 0; path = meadow.uitesting.mockupUITests.xctest; sourceTree = BUILT_PRODUCTS_DIR; };
		DABFBC3E2A93979D0055185C /* meadow_uitesting_mockupUITests.swift */ = {isa = PBXFileReference; lastKnownFileType = sourcecode.swift; path = meadow_uitesting_mockupUITests.swift; sourceTree = "<group>"; };
		DABFBC402A93979D0055185C /* meadow_uitesting_mockupUITestsLaunchTests.swift */ = {isa = PBXFileReference; lastKnownFileType = sourcecode.swift; path = meadow_uitesting_mockupUITestsLaunchTests.swift; sourceTree = "<group>"; };
		DAE3B3472A7AB9DD004C572A /* meadow.uitesting.mockup.app */ = {isa = PBXFileReference; explicitFileType = wrapper.application; includeInIndex = 0; path = meadow.uitesting.mockup.app; sourceTree = BUILT_PRODUCTS_DIR; };
		DAE3B34A2A7AB9DD004C572A /* meadow_uitesting_mockupApp.swift */ = {isa = PBXFileReference; lastKnownFileType = sourcecode.swift; path = meadow_uitesting_mockupApp.swift; sourceTree = "<group>"; };
		DAE3B34C2A7AB9DD004C572A /* ContentView.swift */ = {isa = PBXFileReference; lastKnownFileType = sourcecode.swift; path = ContentView.swift; sourceTree = "<group>"; };
		DAE3B34E2A7AB9DE004C572A /* Assets.xcassets */ = {isa = PBXFileReference; lastKnownFileType = folder.assetcatalog; path = Assets.xcassets; sourceTree = "<group>"; };
		DAE3B3502A7AB9DE004C572A /* meadow_uitesting_mockup.entitlements */ = {isa = PBXFileReference; lastKnownFileType = text.plist.entitlements; path = meadow_uitesting_mockup.entitlements; sourceTree = "<group>"; };
		DAE3B3522A7AB9DE004C572A /* Preview Assets.xcassets */ = {isa = PBXFileReference; lastKnownFileType = folder.assetcatalog; path = "Preview Assets.xcassets"; sourceTree = "<group>"; };
		DAE3B35C2A7AB9DE004C572A /* meadow_uitesting_mockupTests.swift */ = {isa = PBXFileReference; lastKnownFileType = sourcecode.swift; path = meadow_uitesting_mockupTests.swift; sourceTree = "<group>"; };
		DAE3B3662A7AB9DF004C572A /* meadow_uitesting_mockupUITests.swift */ = {isa = PBXFileReference; lastKnownFileType = sourcecode.swift; path = meadow_uitesting_mockupUITests.swift; sourceTree = "<group>"; };
		DAE3B3682A7AB9DF004C572A /* meadow_uitesting_mockupUITestsLaunchTests.swift */ = {isa = PBXFileReference; lastKnownFileType = sourcecode.swift; path = meadow_uitesting_mockupUITestsLaunchTests.swift; sourceTree = "<group>"; };
/* End PBXFileReference section */

/* Begin PBXFrameworksBuildPhase section */
		DABFBC392A93979D0055185C /* Frameworks */ = {
			isa = PBXFrameworksBuildPhase;
			buildActionMask = 2147483647;
			files = (
			);
			runOnlyForDeploymentPostprocessing = 0;
		};
		DAE3B3442A7AB9DD004C572A /* Frameworks */ = {
			isa = PBXFrameworksBuildPhase;
			buildActionMask = 2147483647;
			files = (
			);
			runOnlyForDeploymentPostprocessing = 0;
		};
/* End PBXFrameworksBuildPhase section */

/* Begin PBXGroup section */
		DABFBC3D2A93979D0055185C /* meadow.uitesting.mockupUITests */ = {
			isa = PBXGroup;
			children = (
				DABFBC3E2A93979D0055185C /* meadow_uitesting_mockupUITests.swift */,
				DABFBC402A93979D0055185C /* meadow_uitesting_mockupUITestsLaunchTests.swift */,
			);
			path = meadow.uitesting.mockupUITests;
			sourceTree = "<group>";
		};
		DAE3B33E2A7AB9DD004C572A = {
			isa = PBXGroup;
			children = (
				DABFBC372A93956D0055185C /* TestPlan.xctestplan */,
				DAE3B3492A7AB9DD004C572A /* meadow.uitesting.mockup */,
				DAE3B35B2A7AB9DE004C572A /* meadow.uitesting.mockupTests */,
				DAE3B3652A7AB9DF004C572A /* meadow.uitesting.mockupUITests */,
				DABFBC3D2A93979D0055185C /* meadow.uitesting.mockupUITests */,
				DAE3B3482A7AB9DD004C572A /* Products */,
			);
			sourceTree = "<group>";
		};
		DAE3B3482A7AB9DD004C572A /* Products */ = {
			isa = PBXGroup;
			children = (
				DAE3B3472A7AB9DD004C572A /* meadow.uitesting.mockup.app */,
				DABFBC3C2A93979D0055185C /* meadow.uitesting.mockupUITests.xctest */,
			);
			name = Products;
			sourceTree = "<group>";
		};
		DAE3B3492A7AB9DD004C572A /* meadow.uitesting.mockup */ = {
			isa = PBXGroup;
			children = (
				DAE3B34A2A7AB9DD004C572A /* meadow_uitesting_mockupApp.swift */,
				DAE3B34C2A7AB9DD004C572A /* ContentView.swift */,
				DAE3B34E2A7AB9DE004C572A /* Assets.xcassets */,
				DAE3B3502A7AB9DE004C572A /* meadow_uitesting_mockup.entitlements */,
				DAE3B3512A7AB9DE004C572A /* Preview Content */,
			);
			path = meadow.uitesting.mockup;
			sourceTree = "<group>";
		};
		DAE3B3512A7AB9DE004C572A /* Preview Content */ = {
			isa = PBXGroup;
			children = (
				DAE3B3522A7AB9DE004C572A /* Preview Assets.xcassets */,
			);
			path = "Preview Content";
			sourceTree = "<group>";
		};
		DAE3B35B2A7AB9DE004C572A /* meadow.uitesting.mockupTests */ = {
			isa = PBXGroup;
			children = (
				DAE3B35C2A7AB9DE004C572A /* meadow_uitesting_mockupTests.swift */,
			);
			path = meadow.uitesting.mockupTests;
			sourceTree = "<group>";
		};
		DAE3B3652A7AB9DF004C572A /* meadow.uitesting.mockupUITests */ = {
			isa = PBXGroup;
			children = (
				DAE3B3662A7AB9DF004C572A /* meadow_uitesting_mockupUITests.swift */,
				DAE3B3682A7AB9DF004C572A /* meadow_uitesting_mockupUITestsLaunchTests.swift */,
			);
			path = meadow.uitesting.mockupUITests;
			sourceTree = "<group>";
		};
/* End PBXGroup section */

/* Begin PBXNativeTarget section */
		DABFBC3B2A93979D0055185C /* meadow.uitesting.mockupUITests */ = {
			isa = PBXNativeTarget;
			buildConfigurationList = DABFBC442A93979D0055185C /* Build configuration list for PBXNativeTarget "meadow.uitesting.mockupUITests" */;
			buildPhases = (
				DABFBC382A93979D0055185C /* Sources */,
				DABFBC392A93979D0055185C /* Frameworks */,
				DABFBC3A2A93979D0055185C /* Resources */,
			);
			buildRules = (
			);
			dependencies = (
				DABFBC432A93979D0055185C /* PBXTargetDependency */,
			);
			name = meadow.uitesting.mockupUITests;
			productName = meadow.uitesting.mockupUITests;
			productReference = DABFBC3C2A93979D0055185C /* meadow.uitesting.mockupUITests.xctest */;
			productType = "com.apple.product-type.bundle.ui-testing";
		};
		DAE3B3462A7AB9DD004C572A /* meadow.uitesting.mockup */ = {
			isa = PBXNativeTarget;
			buildConfigurationList = DAE3B36C2A7AB9DF004C572A /* Build configuration list for PBXNativeTarget "meadow.uitesting.mockup" */;
			buildPhases = (
				DAE3B3432A7AB9DD004C572A /* Sources */,
				DAE3B3442A7AB9DD004C572A /* Frameworks */,
				DAE3B3452A7AB9DD004C572A /* Resources */,
			);
			buildRules = (
			);
			dependencies = (
			);
			name = meadow.uitesting.mockup;
			productName = meadow.uitesting.mockup;
			productReference = DAE3B3472A7AB9DD004C572A /* meadow.uitesting.mockup.app */;
			productType = "com.apple.product-type.application";
		};
/* End PBXNativeTarget section */

/* Begin PBXProject section */
		DAE3B33F2A7AB9DD004C572A /* Project object */ = {
			isa = PBXProject;
			attributes = {
				BuildIndependentTargetsInParallel = 1;
				LastSwiftUpdateCheck = 1430;
				LastUpgradeCheck = 1430;
				TargetAttributes = {
					DABFBC3B2A93979D0055185C = {
						CreatedOnToolsVersion = 14.3;
						TestTargetID = DAE3B3462A7AB9DD004C572A;
					};
					DAE3B3462A7AB9DD004C572A = {
						CreatedOnToolsVersion = 14.3;
					};
				};
			};
			buildConfigurationList = DAE3B3422A7AB9DD004C572A /* Build configuration list for PBXProject "meadow.uitesting.mockup" */;
			compatibilityVersion = "Xcode 14.0";
			developmentRegion = en;
			hasScannedForEncodings = 0;
			knownRegions = (
				en,
				Base,
			);
			mainGroup = DAE3B33E2A7AB9DD004C572A;
			productRefGroup = DAE3B3482A7AB9DD004C572A /* Products */;
			projectDirPath = "";
			projectRoot = "";
			targets = (
				DAE3B3462A7AB9DD004C572A /* meadow.uitesting.mockup */,
				DABFBC3B2A93979D0055185C /* meadow.uitesting.mockupUITests */,
			);
		};
/* End PBXProject section */

/* Begin PBXResourcesBuildPhase section */
		DABFBC3A2A93979D0055185C /* Resources */ = {
			isa = PBXResourcesBuildPhase;
			buildActionMask = 2147483647;
			files = (
			);
			runOnlyForDeploymentPostprocessing = 0;
		};
		DAE3B3452A7AB9DD004C572A /* Resources */ = {
			isa = PBXResourcesBuildPhase;
			buildActionMask = 2147483647;
			files = (
				DAE3B3532A7AB9DE004C572A /* Preview Assets.xcassets in Resources */,
				DAE3B34F2A7AB9DE004C572A /* Assets.xcassets in Resources */,
			);
			runOnlyForDeploymentPostprocessing = 0;
		};
/* End PBXResourcesBuildPhase section */

/* Begin PBXSourcesBuildPhase section */
		DABFBC382A93979D0055185C /* Sources */ = {
			isa = PBXSourcesBuildPhase;
			buildActionMask = 2147483647;
			files = (
				DABFBC3F2A93979D0055185C /* meadow_uitesting_mockupUITests.swift in Sources */,
				DABFBC412A93979D0055185C /* meadow_uitesting_mockupUITestsLaunchTests.swift in Sources */,
			);
			runOnlyForDeploymentPostprocessing = 0;
		};
		DAE3B3432A7AB9DD004C572A /* Sources */ = {
			isa = PBXSourcesBuildPhase;
			buildActionMask = 2147483647;
			files = (
				DAE3B34D2A7AB9DD004C572A /* ContentView.swift in Sources */,
				DAE3B34B2A7AB9DD004C572A /* meadow_uitesting_mockupApp.swift in Sources */,
			);
			runOnlyForDeploymentPostprocessing = 0;
		};
/* End PBXSourcesBuildPhase section */

/* Begin PBXTargetDependency section */
		DABFBC432A93979D0055185C /* PBXTargetDependency */ = {
			isa = PBXTargetDependency;
			target = DAE3B3462A7AB9DD004C572A /* meadow.uitesting.mockup */;
			targetProxy = DABFBC422A93979D0055185C /* PBXContainerItemProxy */;
		};
/* End PBXTargetDependency section */

/* Begin XCBuildConfiguration section */
		DABFBC452A93979D0055185C /* Debug */ = {
			isa = XCBuildConfiguration;
			buildSettings = {
				CODE_SIGN_STYLE = Automatic;
				CURRENT_PROJECT_VERSION = 1;
				DEVELOPMENT_TEAM = S3J4DS9F7R;
				GENERATE_INFOPLIST_FILE = YES;
				IPHONEOS_DEPLOYMENT_TARGET = 16.4;
				MARKETING_VERSION = 1.0;
				PRODUCT_BUNDLE_IDENTIFIER = "paula.meadow-uitesting-mockupUITests";
				PRODUCT_NAME = "$(TARGET_NAME)";
				SDKROOT = iphoneos;
				SWIFT_EMIT_LOC_STRINGS = NO;
				SWIFT_VERSION = 5.0;
				TARGETED_DEVICE_FAMILY = "1,2";
				TEST_TARGET_NAME = meadow.uitesting.mockup;
			};
			name = Debug;
		};
		DABFBC462A93979D0055185C /* Release */ = {
			isa = XCBuildConfiguration;
			buildSettings = {
				CODE_SIGN_STYLE = Automatic;
				CURRENT_PROJECT_VERSION = 1;
				DEVELOPMENT_TEAM = S3J4DS9F7R;
				GENERATE_INFOPLIST_FILE = YES;
				IPHONEOS_DEPLOYMENT_TARGET = 16.4;
				MARKETING_VERSION = 1.0;
				PRODUCT_BUNDLE_IDENTIFIER = "paula.meadow-uitesting-mockupUITests";
				PRODUCT_NAME = "$(TARGET_NAME)";
				SDKROOT = iphoneos;
				SWIFT_EMIT_LOC_STRINGS = NO;
				SWIFT_VERSION = 5.0;
				TARGETED_DEVICE_FAMILY = "1,2";
				TEST_TARGET_NAME = meadow.uitesting.mockup;
				VALIDATE_PRODUCT = YES;
			};
			name = Release;
		};
		DAE3B36A2A7AB9DF004C572A /* Debug */ = {
			isa = XCBuildConfiguration;
			buildSettings = {
				ALWAYS_SEARCH_USER_PATHS = NO;
				CLANG_ANALYZER_NONNULL = YES;
				CLANG_ANALYZER_NUMBER_OBJECT_CONVERSION = YES_AGGRESSIVE;
				CLANG_CXX_LANGUAGE_STANDARD = "gnu++20";
				CLANG_ENABLE_MODULES = YES;
				CLANG_ENABLE_OBJC_ARC = YES;
				CLANG_ENABLE_OBJC_WEAK = YES;
				CLANG_WARN_BLOCK_CAPTURE_AUTORELEASING = YES;
				CLANG_WARN_BOOL_CONVERSION = YES;
				CLANG_WARN_COMMA = YES;
				CLANG_WARN_CONSTANT_CONVERSION = YES;
				CLANG_WARN_DEPRECATED_OBJC_IMPLEMENTATIONS = YES;
				CLANG_WARN_DIRECT_OBJC_ISA_USAGE = YES_ERROR;
				CLANG_WARN_DOCUMENTATION_COMMENTS = YES;
				CLANG_WARN_EMPTY_BODY = YES;
				CLANG_WARN_ENUM_CONVERSION = YES;
				CLANG_WARN_INFINITE_RECURSION = YES;
				CLANG_WARN_INT_CONVERSION = YES;
				CLANG_WARN_NON_LITERAL_NULL_CONVERSION = YES;
				CLANG_WARN_OBJC_IMPLICIT_RETAIN_SELF = YES;
				CLANG_WARN_OBJC_LITERAL_CONVERSION = YES;
				CLANG_WARN_OBJC_ROOT_CLASS = YES_ERROR;
				CLANG_WARN_QUOTED_INCLUDE_IN_FRAMEWORK_HEADER = YES;
				CLANG_WARN_RANGE_LOOP_ANALYSIS = YES;
				CLANG_WARN_STRICT_PROTOTYPES = YES;
				CLANG_WARN_SUSPICIOUS_MOVE = YES;
				CLANG_WARN_UNGUARDED_AVAILABILITY = YES_AGGRESSIVE;
				CLANG_WARN_UNREACHABLE_CODE = YES;
				CLANG_WARN__DUPLICATE_METHOD_MATCH = YES;
				COPY_PHASE_STRIP = NO;
				DEBUG_INFORMATION_FORMAT = dwarf;
				ENABLE_STRICT_OBJC_MSGSEND = YES;
				ENABLE_TESTABILITY = YES;
				GCC_C_LANGUAGE_STANDARD = gnu11;
				GCC_DYNAMIC_NO_PIC = NO;
				GCC_NO_COMMON_BLOCKS = YES;
				GCC_OPTIMIZATION_LEVEL = 0;
				GCC_PREPROCESSOR_DEFINITIONS = (
					"DEBUG=1",
					"$(inherited)",
				);
				GCC_WARN_64_TO_32_BIT_CONVERSION = YES;
				GCC_WARN_ABOUT_RETURN_TYPE = YES_ERROR;
				GCC_WARN_UNDECLARED_SELECTOR = YES;
				GCC_WARN_UNINITIALIZED_AUTOS = YES_AGGRESSIVE;
				GCC_WARN_UNUSED_FUNCTION = YES;
				GCC_WARN_UNUSED_VARIABLE = YES;
				MTL_ENABLE_DEBUG_INFO = INCLUDE_SOURCE;
				MTL_FAST_MATH = YES;
				ONLY_ACTIVE_ARCH = YES;
				SWIFT_ACTIVE_COMPILATION_CONDITIONS = DEBUG;
				SWIFT_OPTIMIZATION_LEVEL = "-Onone";
			};
			name = Debug;
		};
		DAE3B36B2A7AB9DF004C572A /* Release */ = {
			isa = XCBuildConfiguration;
			buildSettings = {
				ALWAYS_SEARCH_USER_PATHS = NO;
				CLANG_ANALYZER_NONNULL = YES;
				CLANG_ANALYZER_NUMBER_OBJECT_CONVERSION = YES_AGGRESSIVE;
				CLANG_CXX_LANGUAGE_STANDARD = "gnu++20";
				CLANG_ENABLE_MODULES = YES;
				CLANG_ENABLE_OBJC_ARC = YES;
				CLANG_ENABLE_OBJC_WEAK = YES;
				CLANG_WARN_BLOCK_CAPTURE_AUTORELEASING = YES;
				CLANG_WARN_BOOL_CONVERSION = YES;
				CLANG_WARN_COMMA = YES;
				CLANG_WARN_CONSTANT_CONVERSION = YES;
				CLANG_WARN_DEPRECATED_OBJC_IMPLEMENTATIONS = YES;
				CLANG_WARN_DIRECT_OBJC_ISA_USAGE = YES_ERROR;
				CLANG_WARN_DOCUMENTATION_COMMENTS = YES;
				CLANG_WARN_EMPTY_BODY = YES;
				CLANG_WARN_ENUM_CONVERSION = YES;
				CLANG_WARN_INFINITE_RECURSION = YES;
				CLANG_WARN_INT_CONVERSION = YES;
				CLANG_WARN_NON_LITERAL_NULL_CONVERSION = YES;
				CLANG_WARN_OBJC_IMPLICIT_RETAIN_SELF = YES;
				CLANG_WARN_OBJC_LITERAL_CONVERSION = YES;
				CLANG_WARN_OBJC_ROOT_CLASS = YES_ERROR;
				CLANG_WARN_QUOTED_INCLUDE_IN_FRAMEWORK_HEADER = YES;
				CLANG_WARN_RANGE_LOOP_ANALYSIS = YES;
				CLANG_WARN_STRICT_PROTOTYPES = YES;
				CLANG_WARN_SUSPICIOUS_MOVE = YES;
				CLANG_WARN_UNGUARDED_AVAILABILITY = YES_AGGRESSIVE;
				CLANG_WARN_UNREACHABLE_CODE = YES;
				CLANG_WARN__DUPLICATE_METHOD_MATCH = YES;
				COPY_PHASE_STRIP = NO;
				DEBUG_INFORMATION_FORMAT = "dwarf-with-dsym";
				ENABLE_NS_ASSERTIONS = NO;
				ENABLE_STRICT_OBJC_MSGSEND = YES;
				GCC_C_LANGUAGE_STANDARD = gnu11;
				GCC_NO_COMMON_BLOCKS = YES;
				GCC_WARN_64_TO_32_BIT_CONVERSION = YES;
				GCC_WARN_ABOUT_RETURN_TYPE = YES_ERROR;
				GCC_WARN_UNDECLARED_SELECTOR = YES;
				GCC_WARN_UNINITIALIZED_AUTOS = YES_AGGRESSIVE;
				GCC_WARN_UNUSED_FUNCTION = YES;
				GCC_WARN_UNUSED_VARIABLE = YES;
				MTL_ENABLE_DEBUG_INFO = NO;
				MTL_FAST_MATH = YES;
				SWIFT_COMPILATION_MODE = wholemodule;
				SWIFT_OPTIMIZATION_LEVEL = "-O";
			};
			name = Release;
		};
		DAE3B36D2A7AB9DF004C572A /* Debug */ = {
			isa = XCBuildConfiguration;
			buildSettings = {
				ASSETCATALOG_COMPILER_APPICON_NAME = AppIcon;
				ASSETCATALOG_COMPILER_GLOBAL_ACCENT_COLOR_NAME = AccentColor;
				CODE_SIGN_ENTITLEMENTS = meadow.uitesting.mockup/meadow_uitesting_mockup.entitlements;
				CODE_SIGN_IDENTITY = "Apple Development";
				CODE_SIGN_STYLE = Automatic;
				CURRENT_PROJECT_VERSION = 1;
				DEVELOPMENT_ASSET_PATHS = "\"meadow.uitesting.mockup/Preview Content\"";
				DEVELOPMENT_TEAM = S3J4DS9F7R;
				ENABLE_HARDENED_RUNTIME = YES;
				ENABLE_PREVIEWS = YES;
				GENERATE_INFOPLIST_FILE = YES;
				"INFOPLIST_KEY_UIApplicationSceneManifest_Generation[sdk=iphoneos*]" = YES;
				"INFOPLIST_KEY_UIApplicationSceneManifest_Generation[sdk=iphonesimulator*]" = YES;
				"INFOPLIST_KEY_UIApplicationSupportsIndirectInputEvents[sdk=iphoneos*]" = YES;
				"INFOPLIST_KEY_UIApplicationSupportsIndirectInputEvents[sdk=iphonesimulator*]" = YES;
				"INFOPLIST_KEY_UILaunchScreen_Generation[sdk=iphoneos*]" = YES;
				"INFOPLIST_KEY_UILaunchScreen_Generation[sdk=iphonesimulator*]" = YES;
				"INFOPLIST_KEY_UIStatusBarStyle[sdk=iphoneos*]" = UIStatusBarStyleDefault;
				"INFOPLIST_KEY_UIStatusBarStyle[sdk=iphonesimulator*]" = UIStatusBarStyleDefault;
				INFOPLIST_KEY_UISupportedInterfaceOrientations_iPad = "UIInterfaceOrientationPortrait UIInterfaceOrientationPortraitUpsideDown UIInterfaceOrientationLandscapeLeft UIInterfaceOrientationLandscapeRight";
				INFOPLIST_KEY_UISupportedInterfaceOrientations_iPhone = "UIInterfaceOrientationPortrait UIInterfaceOrientationLandscapeLeft UIInterfaceOrientationLandscapeRight";
				IPHONEOS_DEPLOYMENT_TARGET = 16.4;
				LD_RUNPATH_SEARCH_PATHS = "@executable_path/Frameworks";
				"LD_RUNPATH_SEARCH_PATHS[sdk=macosx*]" = "@executable_path/../Frameworks";
				MACOSX_DEPLOYMENT_TARGET = 13.3;
				MARKETING_VERSION = 1.0;
				PRODUCT_BUNDLE_IDENTIFIER = io.wildland.meadow.uitesting.mockup;
				PRODUCT_NAME = "$(TARGET_NAME)";
				PROVISIONING_PROFILE_SPECIFIER = "";
				SDKROOT = auto;
				SUPPORTED_PLATFORMS = "iphoneos iphonesimulator macosx";
				SWIFT_EMIT_LOC_STRINGS = YES;
				SWIFT_VERSION = 5.0;
				TARGETED_DEVICE_FAMILY = "1,2";
			};
			name = Debug;
		};
		DAE3B36E2A7AB9DF004C572A /* Release */ = {
			isa = XCBuildConfiguration;
			buildSettings = {
				ASSETCATALOG_COMPILER_APPICON_NAME = AppIcon;
				ASSETCATALOG_COMPILER_GLOBAL_ACCENT_COLOR_NAME = AccentColor;
				CODE_SIGN_ENTITLEMENTS = meadow.uitesting.mockup/meadow_uitesting_mockup.entitlements;
				CODE_SIGN_IDENTITY = "Apple Development";
				CODE_SIGN_STYLE = Automatic;
				CURRENT_PROJECT_VERSION = 1;
				DEVELOPMENT_ASSET_PATHS = "\"meadow.uitesting.mockup/Preview Content\"";
				DEVELOPMENT_TEAM = S3J4DS9F7R;
				ENABLE_HARDENED_RUNTIME = YES;
				ENABLE_PREVIEWS = YES;
				GENERATE_INFOPLIST_FILE = YES;
				"INFOPLIST_KEY_UIApplicationSceneManifest_Generation[sdk=iphoneos*]" = YES;
				"INFOPLIST_KEY_UIApplicationSceneManifest_Generation[sdk=iphonesimulator*]" = YES;
				"INFOPLIST_KEY_UIApplicationSupportsIndirectInputEvents[sdk=iphoneos*]" = YES;
				"INFOPLIST_KEY_UIApplicationSupportsIndirectInputEvents[sdk=iphonesimulator*]" = YES;
				"INFOPLIST_KEY_UILaunchScreen_Generation[sdk=iphoneos*]" = YES;
				"INFOPLIST_KEY_UILaunchScreen_Generation[sdk=iphonesimulator*]" = YES;
				"INFOPLIST_KEY_UIStatusBarStyle[sdk=iphoneos*]" = UIStatusBarStyleDefault;
				"INFOPLIST_KEY_UIStatusBarStyle[sdk=iphonesimulator*]" = UIStatusBarStyleDefault;
				INFOPLIST_KEY_UISupportedInterfaceOrientations_iPad = "UIInterfaceOrientationPortrait UIInterfaceOrientationPortraitUpsideDown UIInterfaceOrientationLandscapeLeft UIInterfaceOrientationLandscapeRight";
				INFOPLIST_KEY_UISupportedInterfaceOrientations_iPhone = "UIInterfaceOrientationPortrait UIInterfaceOrientationLandscapeLeft UIInterfaceOrientationLandscapeRight";
				IPHONEOS_DEPLOYMENT_TARGET = 16.4;
				LD_RUNPATH_SEARCH_PATHS = "@executable_path/Frameworks";
				"LD_RUNPATH_SEARCH_PATHS[sdk=macosx*]" = "@executable_path/../Frameworks";
				MACOSX_DEPLOYMENT_TARGET = 13.3;
				MARKETING_VERSION = 1.0;
				PRODUCT_BUNDLE_IDENTIFIER = io.wildland.meadow.uitesting.mockup;
				PRODUCT_NAME = "$(TARGET_NAME)";
				PROVISIONING_PROFILE_SPECIFIER = "";
				SDKROOT = auto;
				SUPPORTED_PLATFORMS = "iphoneos iphonesimulator macosx";
				SWIFT_EMIT_LOC_STRINGS = YES;
				SWIFT_VERSION = 5.0;
				TARGETED_DEVICE_FAMILY = "1,2";
			};
			name = Release;
		};
/* End XCBuildConfiguration section */

/* Begin XCConfigurationList section */
		DABFBC442A93979D0055185C /* Build configuration list for PBXNativeTarget "meadow.uitesting.mockupUITests" */ = {
			isa = XCConfigurationList;
			buildConfigurations = (
				DABFBC452A93979D0055185C /* Debug */,
				DABFBC462A93979D0055185C /* Release */,
			);
			defaultConfigurationIsVisible = 0;
			defaultConfigurationName = Release;
		};
		DAE3B3422A7AB9DD004C572A /* Build configuration list for PBXProject "meadow.uitesting.mockup" */ = {
			isa = XCConfigurationList;
			buildConfigurations = (
				DAE3B36A2A7AB9DF004C572A /* Debug */,
				DAE3B36B2A7AB9DF004C572A /* Release */,
			);
			defaultConfigurationIsVisible = 0;
			defaultConfigurationName = Release;
		};
		DAE3B36C2A7AB9DF004C572A /* Build configuration list for PBXNativeTarget "meadow.uitesting.mockup" */ = {
			isa = XCConfigurationList;
			buildConfigurations = (
				DAE3B36D2A7AB9DF004C572A /* Debug */,
				DAE3B36E2A7AB9DF004C572A /* Release */,
			);
			defaultConfigurationIsVisible = 0;
			defaultConfigurationName = Release;
		};
/* End XCConfigurationList section */
	};
	rootObject = DAE3B33F2A7AB9DD004C572A /* Project object */;
}
