// !$*UTF8*$!
{
	archiveVersion = 1;
	classes = {
	};
	objectVersion = 56;
	objects = {

/* Begin PBXBuildFile section */
		DABFBC9C2A94BA470055185C /* meadow_uitesting_mockupApp.swift in Sources */ = {isa = PBXBuildFile; fileRef = DABFBC9B2A94BA470055185C /* meadow_uitesting_mockupApp.swift */; };
		DABFBC9E2A94BA470055185C /* ContentView.swift in Sources */ = {isa = PBXBuildFile; fileRef = DABFBC9D2A94BA470055185C /* ContentView.swift */; };
		DABFBCA02A94BA480055185C /* Assets.xcassets in Resources */ = {isa = PBXBuildFile; fileRef = DABFBC9F2A94BA480055185C /* Assets.xcassets */; };
		DABFBCA42A94BA480055185C /* Preview Assets.xcassets in Resources */ = {isa = PBXBuildFile; fileRef = DABFBCA32A94BA480055185C /* Preview Assets.xcassets */; };
		DABFBCAE2A94BA480055185C /* meadow_uitesting_mockupTests.swift in Sources */ = {isa = PBXBuildFile; fileRef = DABFBCAD2A94BA480055185C /* meadow_uitesting_mockupTests.swift */; };
		DABFBCB82A94BA480055185C /* meadow_uitesting_mockupUITests.swift in Sources */ = {isa = PBXBuildFile; fileRef = DABFBCB72A94BA480055185C /* meadow_uitesting_mockupUITests.swift */; };
		DABFBCBA2A94BA480055185C /* meadow_uitesting_mockupUITestsLaunchTests.swift in Sources */ = {isa = PBXBuildFile; fileRef = DABFBCB92A94BA480055185C /* meadow_uitesting_mockupUITestsLaunchTests.swift */; };
/* End PBXBuildFile section */

/* Begin PBXContainerItemProxy section */
		DABFBCAA2A94BA480055185C /* PBXContainerItemProxy */ = {
			isa = PBXContainerItemProxy;
			containerPortal = DAE3B33F2A7AB9DD004C572A /* Project object */;
			proxyType = 1;
			remoteGlobalIDString = DABFBC982A94BA470055185C;
			remoteInfo = meadow.uitesting.mockup;
		};
		DABFBCB42A94BA480055185C /* PBXContainerItemProxy */ = {
			isa = PBXContainerItemProxy;
			containerPortal = DAE3B33F2A7AB9DD004C572A /* Project object */;
			proxyType = 1;
			remoteGlobalIDString = DABFBC982A94BA470055185C;
			remoteInfo = meadow.uitesting.mockup;
		};
/* End PBXContainerItemProxy section */

/* Begin PBXFileReference section */
		DABFBC992A94BA470055185C /* meadow.uitesting.mockup.app */ = {isa = PBXFileReference; explicitFileType = wrapper.application; includeInIndex = 0; path = meadow.uitesting.mockup.app; sourceTree = BUILT_PRODUCTS_DIR; };
		DABFBC9B2A94BA470055185C /* meadow_uitesting_mockupApp.swift */ = {isa = PBXFileReference; lastKnownFileType = sourcecode.swift; path = meadow_uitesting_mockupApp.swift; sourceTree = "<group>"; };
		DABFBC9D2A94BA470055185C /* ContentView.swift */ = {isa = PBXFileReference; lastKnownFileType = sourcecode.swift; path = ContentView.swift; sourceTree = "<group>"; };
		DABFBC9F2A94BA480055185C /* Assets.xcassets */ = {isa = PBXFileReference; lastKnownFileType = folder.assetcatalog; path = Assets.xcassets; sourceTree = "<group>"; };
		DABFBCA12A94BA480055185C /* meadow_uitesting_mockup.entitlements */ = {isa = PBXFileReference; lastKnownFileType = text.plist.entitlements; path = meadow_uitesting_mockup.entitlements; sourceTree = "<group>"; };
		DABFBCA32A94BA480055185C /* Preview Assets.xcassets */ = {isa = PBXFileReference; lastKnownFileType = folder.assetcatalog; path = "Preview Assets.xcassets"; sourceTree = "<group>"; };
		DABFBCA92A94BA480055185C /* meadow.uitesting.mockupTests.xctest */ = {isa = PBXFileReference; explicitFileType = wrapper.cfbundle; includeInIndex = 0; path = meadow.uitesting.mockupTests.xctest; sourceTree = BUILT_PRODUCTS_DIR; };
		DABFBCAD2A94BA480055185C /* meadow_uitesting_mockupTests.swift */ = {isa = PBXFileReference; lastKnownFileType = sourcecode.swift; path = meadow_uitesting_mockupTests.swift; sourceTree = "<group>"; };
		DABFBCB32A94BA480055185C /* meadow.uitesting.mockupUITests.xctest */ = {isa = PBXFileReference; explicitFileType = wrapper.cfbundle; includeInIndex = 0; path = meadow.uitesting.mockupUITests.xctest; sourceTree = BUILT_PRODUCTS_DIR; };
		DABFBCB72A94BA480055185C /* meadow_uitesting_mockupUITests.swift */ = {isa = PBXFileReference; lastKnownFileType = sourcecode.swift; path = meadow_uitesting_mockupUITests.swift; sourceTree = "<group>"; };
		DABFBCB92A94BA480055185C /* meadow_uitesting_mockupUITestsLaunchTests.swift */ = {isa = PBXFileReference; lastKnownFileType = sourcecode.swift; path = meadow_uitesting_mockupUITestsLaunchTests.swift; sourceTree = "<group>"; };
		DABFBCC42A94BA900055185C /* meadow.uitesting.mockup.xctestplan */ = {isa = PBXFileReference; lastKnownFileType = text; path = meadow.uitesting.mockup.xctestplan; sourceTree = "<group>"; };
/* End PBXFileReference section */

/* Begin PBXFrameworksBuildPhase section */
		DABFBC962A94BA470055185C /* Frameworks */ = {
			isa = PBXFrameworksBuildPhase;
			buildActionMask = 2147483647;
			files = (
			);
			runOnlyForDeploymentPostprocessing = 0;
		};
		DABFBCA62A94BA480055185C /* Frameworks */ = {
			isa = PBXFrameworksBuildPhase;
			buildActionMask = 2147483647;
			files = (
			);
			runOnlyForDeploymentPostprocessing = 0;
		};
		DABFBCB02A94BA480055185C /* Frameworks */ = {
			isa = PBXFrameworksBuildPhase;
			buildActionMask = 2147483647;
			files = (
			);
			runOnlyForDeploymentPostprocessing = 0;
		};
/* End PBXFrameworksBuildPhase section */

/* Begin PBXGroup section */
		DABFBC9A2A94BA470055185C /* meadow.uitesting.mockup */ = {
			isa = PBXGroup;
			children = (
				DABFBC9B2A94BA470055185C /* meadow_uitesting_mockupApp.swift */,
				DABFBC9D2A94BA470055185C /* ContentView.swift */,
				DABFBC9F2A94BA480055185C /* Assets.xcassets */,
				DABFBCA12A94BA480055185C /* meadow_uitesting_mockup.entitlements */,
				DABFBCA22A94BA480055185C /* Preview Content */,
			);
			path = meadow.uitesting.mockup;
			sourceTree = "<group>";
		};
		DABFBCA22A94BA480055185C /* Preview Content */ = {
			isa = PBXGroup;
			children = (
				DABFBCA32A94BA480055185C /* Preview Assets.xcassets */,
			);
			path = "Preview Content";
			sourceTree = "<group>";
		};
		DABFBCAC2A94BA480055185C /* meadow.uitesting.mockupTests */ = {
			isa = PBXGroup;
			children = (
				DABFBCAD2A94BA480055185C /* meadow_uitesting_mockupTests.swift */,
			);
			path = meadow.uitesting.mockupTests;
			sourceTree = "<group>";
		};
		DABFBCB62A94BA480055185C /* meadow.uitesting.mockupUITests */ = {
			isa = PBXGroup;
			children = (
				DABFBCB72A94BA480055185C /* meadow_uitesting_mockupUITests.swift */,
				DABFBCB92A94BA480055185C /* meadow_uitesting_mockupUITestsLaunchTests.swift */,
			);
			path = meadow.uitesting.mockupUITests;
			sourceTree = "<group>";
		};
		DAE3B33E2A7AB9DD004C572A = {
			isa = PBXGroup;
			children = (
				DABFBCC42A94BA900055185C /* meadow.uitesting.mockup.xctestplan */,
				DABFBC9A2A94BA470055185C /* meadow.uitesting.mockup */,
				DABFBCAC2A94BA480055185C /* meadow.uitesting.mockupTests */,
				DABFBCB62A94BA480055185C /* meadow.uitesting.mockupUITests */,
				DAE3B3482A7AB9DD004C572A /* Products */,
			);
			sourceTree = "<group>";
		};
		DAE3B3482A7AB9DD004C572A /* Products */ = {
			isa = PBXGroup;
			children = (
				DABFBC992A94BA470055185C /* meadow.uitesting.mockup.app */,
				DABFBCA92A94BA480055185C /* meadow.uitesting.mockupTests.xctest */,
				DABFBCB32A94BA480055185C /* meadow.uitesting.mockupUITests.xctest */,
			);
			name = Products;
			sourceTree = "<group>";
		};
/* End PBXGroup section */

/* Begin PBXNativeTarget section */
		DABFBC982A94BA470055185C /* meadow.uitesting.mockup */ = {
			isa = PBXNativeTarget;
			buildConfigurationList = DABFBCBB2A94BA480055185C /* Build configuration list for PBXNativeTarget "meadow.uitesting.mockup" */;
			buildPhases = (
				DABFBC952A94BA470055185C /* Sources */,
				DABFBC962A94BA470055185C /* Frameworks */,
				DABFBC972A94BA470055185C /* Resources */,
			);
			buildRules = (
			);
			dependencies = (
			);
			name = meadow.uitesting.mockup;
			productName = meadow.uitesting.mockup;
			productReference = DABFBC992A94BA470055185C /* meadow.uitesting.mockup.app */;
			productType = "com.apple.product-type.application";
		};
		DABFBCA82A94BA480055185C /* meadow.uitesting.mockupTests */ = {
			isa = PBXNativeTarget;
			buildConfigurationList = DABFBCBE2A94BA480055185C /* Build configuration list for PBXNativeTarget "meadow.uitesting.mockupTests" */;
			buildPhases = (
				DABFBCA52A94BA480055185C /* Sources */,
				DABFBCA62A94BA480055185C /* Frameworks */,
				DABFBCA72A94BA480055185C /* Resources */,
			);
			buildRules = (
			);
			dependencies = (
				DABFBCAB2A94BA480055185C /* PBXTargetDependency */,
			);
			name = meadow.uitesting.mockupTests;
			productName = meadow.uitesting.mockupTests;
			productReference = DABFBCA92A94BA480055185C /* meadow.uitesting.mockupTests.xctest */;
			productType = "com.apple.product-type.bundle.unit-test";
		};
		DABFBCB22A94BA480055185C /* meadow.uitesting.mockupUITests */ = {
			isa = PBXNativeTarget;
			buildConfigurationList = DABFBCC12A94BA480055185C /* Build configuration list for PBXNativeTarget "meadow.uitesting.mockupUITests" */;
			buildPhases = (
				DABFBCAF2A94BA480055185C /* Sources */,
				DABFBCB02A94BA480055185C /* Frameworks */,
				DABFBCB12A94BA480055185C /* Resources */,
			);
			buildRules = (
			);
			dependencies = (
				DABFBCB52A94BA480055185C /* PBXTargetDependency */,
			);
			name = meadow.uitesting.mockupUITests;
			productName = meadow.uitesting.mockupUITests;
			productReference = DABFBCB32A94BA480055185C /* meadow.uitesting.mockupUITests.xctest */;
			productType = "com.apple.product-type.bundle.ui-testing";
		};
/* End PBXNativeTarget section */

/* Begin PBXProject section */
		DAE3B33F2A7AB9DD004C572A /* Project object */ = {
			isa = PBXProject;
			attributes = {
				BuildIndependentTargetsInParallel = 1;
				LastSwiftUpdateCheck = 1430;
				LastUpgradeCheck = 1430;
				TargetAttributes = {
					DABFBC982A94BA470055185C = {
						CreatedOnToolsVersion = 14.3;
					};
					DABFBCA82A94BA480055185C = {
						CreatedOnToolsVersion = 14.3;
						TestTargetID = DABFBC982A94BA470055185C;
					};
					DABFBCB22A94BA480055185C = {
						CreatedOnToolsVersion = 14.3;
						TestTargetID = DABFBC982A94BA470055185C;
					};
				};
			};
			buildConfigurationList = DAE3B3422A7AB9DD004C572A /* Build configuration list for PBXProject "meadow.uitesting.mockup" */;
			compatibilityVersion = "Xcode 14.0";
			developmentRegion = en;
			hasScannedForEncodings = 0;
			knownRegions = (
				en,
				Base,
			);
			mainGroup = DAE3B33E2A7AB9DD004C572A;
			productRefGroup = DAE3B3482A7AB9DD004C572A /* Products */;
			projectDirPath = "";
			projectRoot = "";
			targets = (
				DABFBC982A94BA470055185C /* meadow.uitesting.mockup */,
				DABFBCA82A94BA480055185C /* meadow.uitesting.mockupTests */,
				DABFBCB22A94BA480055185C /* meadow.uitesting.mockupUITests */,
			);
		};
/* End PBXProject section */

/* Begin PBXResourcesBuildPhase section */
		DABFBC972A94BA470055185C /* Resources */ = {
			isa = PBXResourcesBuildPhase;
			buildActionMask = 2147483647;
			files = (
				DABFBCA42A94BA480055185C /* Preview Assets.xcassets in Resources */,
				DABFBCA02A94BA480055185C /* Assets.xcassets in Resources */,
			);
			runOnlyForDeploymentPostprocessing = 0;
		};
		DABFBCA72A94BA480055185C /* Resources */ = {
			isa = PBXResourcesBuildPhase;
			buildActionMask = 2147483647;
			files = (
			);
			runOnlyForDeploymentPostprocessing = 0;
		};
		DABFBCB12A94BA480055185C /* Resources */ = {
			isa = PBXResourcesBuildPhase;
			buildActionMask = 2147483647;
			files = (
			);
			runOnlyForDeploymentPostprocessing = 0;
		};
/* End PBXResourcesBuildPhase section */

/* Begin PBXSourcesBuildPhase section */
		DABFBC952A94BA470055185C /* Sources */ = {
			isa = PBXSourcesBuildPhase;
			buildActionMask = 2147483647;
			files = (
				DABFBC9E2A94BA470055185C /* ContentView.swift in Sources */,
				DABFBC9C2A94BA470055185C /* meadow_uitesting_mockupApp.swift in Sources */,
			);
			runOnlyForDeploymentPostprocessing = 0;
		};
		DABFBCA52A94BA480055185C /* Sources */ = {
			isa = PBXSourcesBuildPhase;
			buildActionMask = 2147483647;
			files = (
				DABFBCAE2A94BA480055185C /* meadow_uitesting_mockupTests.swift in Sources */,
			);
			runOnlyForDeploymentPostprocessing = 0;
		};
		DABFBCAF2A94BA480055185C /* Sources */ = {
			isa = PBXSourcesBuildPhase;
			buildActionMask = 2147483647;
			files = (
				DABFBCB82A94BA480055185C /* meadow_uitesting_mockupUITests.swift in Sources */,
				DABFBCBA2A94BA480055185C /* meadow_uitesting_mockupUITestsLaunchTests.swift in Sources */,
			);
			runOnlyForDeploymentPostprocessing = 0;
		};
/* End PBXSourcesBuildPhase section */

/* Begin PBXTargetDependency section */
		DABFBCAB2A94BA480055185C /* PBXTargetDependency */ = {
			isa = PBXTargetDependency;
			target = DABFBC982A94BA470055185C /* meadow.uitesting.mockup */;
			targetProxy = DABFBCAA2A94BA480055185C /* PBXContainerItemProxy */;
		};
		DABFBCB52A94BA480055185C /* PBXTargetDependency */ = {
			isa = PBXTargetDependency;
			target = DABFBC982A94BA470055185C /* meadow.uitesting.mockup */;
			targetProxy = DABFBCB42A94BA480055185C /* PBXContainerItemProxy */;
		};
/* End PBXTargetDependency section */

/* Begin XCBuildConfiguration section */
		DABFBCBC2A94BA480055185C /* Debug */ = {
			isa = XCBuildConfiguration;
			buildSettings = {
				ASSETCATALOG_COMPILER_APPICON_NAME = AppIcon;
				ASSETCATALOG_COMPILER_GLOBAL_ACCENT_COLOR_NAME = AccentColor;
				CODE_SIGN_ENTITLEMENTS = meadow.uitesting.mockup/meadow_uitesting_mockup.entitlements;
				CODE_SIGN_STYLE = Automatic;
				CURRENT_PROJECT_VERSION = 1;
				DEVELOPMENT_ASSET_PATHS = "\"meadow.uitesting.mockup/Preview Content\"";
				DEVELOPMENT_TEAM = S3J4DS9F7R;
				ENABLE_HARDENED_RUNTIME = YES;
				ENABLE_PREVIEWS = YES;
				GENERATE_INFOPLIST_FILE = YES;
				"INFOPLIST_KEY_UIApplicationSceneManifest_Generation[sdk=iphoneos*]" = YES;
				"INFOPLIST_KEY_UIApplicationSceneManifest_Generation[sdk=iphonesimulator*]" = YES;
				"INFOPLIST_KEY_UIApplicationSupportsIndirectInputEvents[sdk=iphoneos*]" = YES;
				"INFOPLIST_KEY_UIApplicationSupportsIndirectInputEvents[sdk=iphonesimulator*]" = YES;
				"INFOPLIST_KEY_UILaunchScreen_Generation[sdk=iphoneos*]" = YES;
				"INFOPLIST_KEY_UILaunchScreen_Generation[sdk=iphonesimulator*]" = YES;
				"INFOPLIST_KEY_UIStatusBarStyle[sdk=iphoneos*]" = UIStatusBarStyleDefault;
				"INFOPLIST_KEY_UIStatusBarStyle[sdk=iphonesimulator*]" = UIStatusBarStyleDefault;
				INFOPLIST_KEY_UISupportedInterfaceOrientations_iPad = "UIInterfaceOrientationPortrait UIInterfaceOrientationPortraitUpsideDown UIInterfaceOrientationLandscapeLeft UIInterfaceOrientationLandscapeRight";
				INFOPLIST_KEY_UISupportedInterfaceOrientations_iPhone = "UIInterfaceOrientationPortrait UIInterfaceOrientationLandscapeLeft UIInterfaceOrientationLandscapeRight";
				IPHONEOS_DEPLOYMENT_TARGET = 16.4;
				LD_RUNPATH_SEARCH_PATHS = "@executable_path/Frameworks";
				"LD_RUNPATH_SEARCH_PATHS[sdk=macosx*]" = "@executable_path/../Frameworks";
				MACOSX_DEPLOYMENT_TARGET = 13.3;
				MARKETING_VERSION = 1.0;
				PRODUCT_BUNDLE_IDENTIFIER = "paula.meadow-uitesting-mockup";
				PRODUCT_NAME = "$(TARGET_NAME)";
				SDKROOT = auto;
				SUPPORTED_PLATFORMS = "iphoneos iphonesimulator macosx";
				SWIFT_EMIT_LOC_STRINGS = YES;
				SWIFT_VERSION = 5.0;
				TARGETED_DEVICE_FAMILY = "1,2";
			};
			name = Debug;
		};
		DABFBCBD2A94BA480055185C /* Release */ = {
			isa = XCBuildConfiguration;
			buildSettings = {
				ASSETCATALOG_COMPILER_APPICON_NAME = AppIcon;
				ASSETCATALOG_COMPILER_GLOBAL_ACCENT_COLOR_NAME = AccentColor;
				CODE_SIGN_ENTITLEMENTS = meadow.uitesting.mockup/meadow_uitesting_mockup.entitlements;
				CODE_SIGN_STYLE = Automatic;
				CURRENT_PROJECT_VERSION = 1;
				DEVELOPMENT_ASSET_PATHS = "\"meadow.uitesting.mockup/Preview Content\"";
				DEVELOPMENT_TEAM = S3J4DS9F7R;
				ENABLE_HARDENED_RUNTIME = YES;
				ENABLE_PREVIEWS = YES;
				GENERATE_INFOPLIST_FILE = YES;
				"INFOPLIST_KEY_UIApplicationSceneManifest_Generation[sdk=iphoneos*]" = YES;
				"INFOPLIST_KEY_UIApplicationSceneManifest_Generation[sdk=iphonesimulator*]" = YES;
				"INFOPLIST_KEY_UIApplicationSupportsIndirectInputEvents[sdk=iphoneos*]" = YES;
				"INFOPLIST_KEY_UIApplicationSupportsIndirectInputEvents[sdk=iphonesimulator*]" = YES;
				"INFOPLIST_KEY_UILaunchScreen_Generation[sdk=iphoneos*]" = YES;
				"INFOPLIST_KEY_UILaunchScreen_Generation[sdk=iphonesimulator*]" = YES;
				"INFOPLIST_KEY_UIStatusBarStyle[sdk=iphoneos*]" = UIStatusBarStyleDefault;
				"INFOPLIST_KEY_UIStatusBarStyle[sdk=iphonesimulator*]" = UIStatusBarStyleDefault;
				INFOPLIST_KEY_UISupportedInterfaceOrientations_iPad = "UIInterfaceOrientationPortrait UIInterfaceOrientationPortraitUpsideDown UIInterfaceOrientationLandscapeLeft UIInterfaceOrientationLandscapeRight";
				INFOPLIST_KEY_UISupportedInterfaceOrientations_iPhone = "UIInterfaceOrientationPortrait UIInterfaceOrientationLandscapeLeft UIInterfaceOrientationLandscapeRight";
				IPHONEOS_DEPLOYMENT_TARGET = 16.4;
				LD_RUNPATH_SEARCH_PATHS = "@executable_path/Frameworks";
				"LD_RUNPATH_SEARCH_PATHS[sdk=macosx*]" = "@executable_path/../Frameworks";
				MACOSX_DEPLOYMENT_TARGET = 13.3;
				MARKETING_VERSION = 1.0;
				PRODUCT_BUNDLE_IDENTIFIER = "paula.meadow-uitesting-mockup";
				PRODUCT_NAME = "$(TARGET_NAME)";
				SDKROOT = auto;
				SUPPORTED_PLATFORMS = "iphoneos iphonesimulator macosx";
				SWIFT_EMIT_LOC_STRINGS = YES;
				SWIFT_VERSION = 5.0;
				TARGETED_DEVICE_FAMILY = "1,2";
			};
			name = Release;
		};
		DABFBCBF2A94BA480055185C /* Debug */ = {
			isa = XCBuildConfiguration;
			buildSettings = {
				ALWAYS_EMBED_SWIFT_STANDARD_LIBRARIES = YES;
				BUNDLE_LOADER = "$(TEST_HOST)";
				CODE_SIGN_STYLE = Automatic;
				CURRENT_PROJECT_VERSION = 1;
				DEVELOPMENT_TEAM = S3J4DS9F7R;
				GENERATE_INFOPLIST_FILE = YES;
				IPHONEOS_DEPLOYMENT_TARGET = 16.4;
				MACOSX_DEPLOYMENT_TARGET = 13.3;
				MARKETING_VERSION = 1.0;
				PRODUCT_BUNDLE_IDENTIFIER = "paula.meadow-uitesting-mockupTests";
				PRODUCT_NAME = "$(TARGET_NAME)";
				SDKROOT = auto;
				SUPPORTED_PLATFORMS = "iphoneos iphonesimulator macosx";
				SWIFT_EMIT_LOC_STRINGS = NO;
				SWIFT_VERSION = 5.0;
				TARGETED_DEVICE_FAMILY = "1,2";
				TEST_HOST = "$(BUILT_PRODUCTS_DIR)/meadow.uitesting.mockup.app/$(BUNDLE_EXECUTABLE_FOLDER_PATH)/meadow.uitesting.mockup";
			};
			name = Debug;
		};
		DABFBCC02A94BA480055185C /* Release */ = {
			isa = XCBuildConfiguration;
			buildSettings = {
				ALWAYS_EMBED_SWIFT_STANDARD_LIBRARIES = YES;
				BUNDLE_LOADER = "$(TEST_HOST)";
				CODE_SIGN_STYLE = Automatic;
				CURRENT_PROJECT_VERSION = 1;
				DEVELOPMENT_TEAM = S3J4DS9F7R;
				GENERATE_INFOPLIST_FILE = YES;
				IPHONEOS_DEPLOYMENT_TARGET = 16.4;
				MACOSX_DEPLOYMENT_TARGET = 13.3;
				MARKETING_VERSION = 1.0;
				PRODUCT_BUNDLE_IDENTIFIER = io.wildland.meadow.uitesting.mockup;
				PRODUCT_NAME = "$(TARGET_NAME)";
				SDKROOT = auto;
				SUPPORTED_PLATFORMS = "iphoneos iphonesimulator macosx";
				SWIFT_EMIT_LOC_STRINGS = NO;
				SWIFT_VERSION = 5.0;
				TARGETED_DEVICE_FAMILY = "1,2";
				TEST_HOST = "$(BUILT_PRODUCTS_DIR)/meadow.uitesting.mockup.app/$(BUNDLE_EXECUTABLE_FOLDER_PATH)/meadow.uitesting.mockup";
			};
			name = Release;
		};
		DABFBCC22A94BA480055185C /* Debug */ = {
			isa = XCBuildConfiguration;
			buildSettings = {
				ALWAYS_EMBED_SWIFT_STANDARD_LIBRARIES = YES;
				CODE_SIGN_STYLE = Automatic;
				CURRENT_PROJECT_VERSION = 1;
				DEVELOPMENT_TEAM = S3J4DS9F7R;
				GENERATE_INFOPLIST_FILE = YES;
				IPHONEOS_DEPLOYMENT_TARGET = 16.4;
				MACOSX_DEPLOYMENT_TARGET = 13.3;
				MARKETING_VERSION = 1.0;
				PRODUCT_BUNDLE_IDENTIFIER = "paula.meadow-uitesting-mockupUITests";
				PRODUCT_NAME = "$(TARGET_NAME)";
				SDKROOT = auto;
				SUPPORTED_PLATFORMS = "iphoneos iphonesimulator macosx";
				SWIFT_EMIT_LOC_STRINGS = NO;
				SWIFT_VERSION = 5.0;
				TARGETED_DEVICE_FAMILY = "1,2";
				TEST_TARGET_NAME = meadow.uitesting.mockup;
			};
			name = Debug;
		};
		DABFBCC32A94BA480055185C /* Release */ = {
			isa = XCBuildConfiguration;
			buildSettings = {
				ALWAYS_EMBED_SWIFT_STANDARD_LIBRARIES = YES;
				CODE_SIGN_STYLE = Automatic;
				CURRENT_PROJECT_VERSION = 1;
				DEVELOPMENT_TEAM = S3J4DS9F7R;
				GENERATE_INFOPLIST_FILE = YES;
				IPHONEOS_DEPLOYMENT_TARGET = 16.4;
				MACOSX_DEPLOYMENT_TARGET = 13.3;
				MARKETING_VERSION = 1.0;
				PRODUCT_BUNDLE_IDENTIFIER = io.wildland.meadow.uitesting.mockup;
				PRODUCT_NAME = "$(TARGET_NAME)";
				SDKROOT = auto;
				SUPPORTED_PLATFORMS = "iphoneos iphonesimulator macosx";
				SWIFT_EMIT_LOC_STRINGS = NO;
				SWIFT_VERSION = 5.0;
				TARGETED_DEVICE_FAMILY = "1,2";
				TEST_TARGET_NAME = meadow.uitesting.mockup;
			};
			name = Release;
		};
		DAE3B36A2A7AB9DF004C572A /* Debug */ = {
			isa = XCBuildConfiguration;
			buildSettings = {
				ALWAYS_SEARCH_USER_PATHS = NO;
				CLANG_ANALYZER_NONNULL = YES;
				CLANG_ANALYZER_NUMBER_OBJECT_CONVERSION = YES_AGGRESSIVE;
				CLANG_CXX_LANGUAGE_STANDARD = "gnu++20";
				CLANG_ENABLE_MODULES = YES;
				CLANG_ENABLE_OBJC_ARC = YES;
				CLANG_ENABLE_OBJC_WEAK = YES;
				CLANG_WARN_BLOCK_CAPTURE_AUTORELEASING = YES;
				CLANG_WARN_BOOL_CONVERSION = YES;
				CLANG_WARN_COMMA = YES;
				CLANG_WARN_CONSTANT_CONVERSION = YES;
				CLANG_WARN_DEPRECATED_OBJC_IMPLEMENTATIONS = YES;
				CLANG_WARN_DIRECT_OBJC_ISA_USAGE = YES_ERROR;
				CLANG_WARN_DOCUMENTATION_COMMENTS = YES;
				CLANG_WARN_EMPTY_BODY = YES;
				CLANG_WARN_ENUM_CONVERSION = YES;
				CLANG_WARN_INFINITE_RECURSION = YES;
				CLANG_WARN_INT_CONVERSION = YES;
				CLANG_WARN_NON_LITERAL_NULL_CONVERSION = YES;
				CLANG_WARN_OBJC_IMPLICIT_RETAIN_SELF = YES;
				CLANG_WARN_OBJC_LITERAL_CONVERSION = YES;
				CLANG_WARN_OBJC_ROOT_CLASS = YES_ERROR;
				CLANG_WARN_QUOTED_INCLUDE_IN_FRAMEWORK_HEADER = YES;
				CLANG_WARN_RANGE_LOOP_ANALYSIS = YES;
				CLANG_WARN_STRICT_PROTOTYPES = YES;
				CLANG_WARN_SUSPICIOUS_MOVE = YES;
				CLANG_WARN_UNGUARDED_AVAILABILITY = YES_AGGRESSIVE;
				CLANG_WARN_UNREACHABLE_CODE = YES;
				CLANG_WARN__DUPLICATE_METHOD_MATCH = YES;
				COPY_PHASE_STRIP = NO;
				DEBUG_INFORMATION_FORMAT = dwarf;
				ENABLE_STRICT_OBJC_MSGSEND = YES;
				ENABLE_TESTABILITY = YES;
				GCC_C_LANGUAGE_STANDARD = gnu11;
				GCC_DYNAMIC_NO_PIC = NO;
				GCC_NO_COMMON_BLOCKS = YES;
				GCC_OPTIMIZATION_LEVEL = 0;
				GCC_PREPROCESSOR_DEFINITIONS = (
					"DEBUG=1",
					"$(inherited)",
				);
				GCC_WARN_64_TO_32_BIT_CONVERSION = YES;
				GCC_WARN_ABOUT_RETURN_TYPE = YES_ERROR;
				GCC_WARN_UNDECLARED_SELECTOR = YES;
				GCC_WARN_UNINITIALIZED_AUTOS = YES_AGGRESSIVE;
				GCC_WARN_UNUSED_FUNCTION = YES;
				GCC_WARN_UNUSED_VARIABLE = YES;
				MTL_ENABLE_DEBUG_INFO = INCLUDE_SOURCE;
				MTL_FAST_MATH = YES;
				ONLY_ACTIVE_ARCH = YES;
				SWIFT_ACTIVE_COMPILATION_CONDITIONS = DEBUG;
				SWIFT_OPTIMIZATION_LEVEL = "-Onone";
			};
			name = Debug;
		};
		DAE3B36B2A7AB9DF004C572A /* Release */ = {
			isa = XCBuildConfiguration;
			buildSettings = {
				ALWAYS_SEARCH_USER_PATHS = NO;
				CLANG_ANALYZER_NONNULL = YES;
				CLANG_ANALYZER_NUMBER_OBJECT_CONVERSION = YES_AGGRESSIVE;
				CLANG_CXX_LANGUAGE_STANDARD = "gnu++20";
				CLANG_ENABLE_MODULES = YES;
				CLANG_ENABLE_OBJC_ARC = YES;
				CLANG_ENABLE_OBJC_WEAK = YES;
				CLANG_WARN_BLOCK_CAPTURE_AUTORELEASING = YES;
				CLANG_WARN_BOOL_CONVERSION = YES;
				CLANG_WARN_COMMA = YES;
				CLANG_WARN_CONSTANT_CONVERSION = YES;
				CLANG_WARN_DEPRECATED_OBJC_IMPLEMENTATIONS = YES;
				CLANG_WARN_DIRECT_OBJC_ISA_USAGE = YES_ERROR;
				CLANG_WARN_DOCUMENTATION_COMMENTS = YES;
				CLANG_WARN_EMPTY_BODY = YES;
				CLANG_WARN_ENUM_CONVERSION = YES;
				CLANG_WARN_INFINITE_RECURSION = YES;
				CLANG_WARN_INT_CONVERSION = YES;
				CLANG_WARN_NON_LITERAL_NULL_CONVERSION = YES;
				CLANG_WARN_OBJC_IMPLICIT_RETAIN_SELF = YES;
				CLANG_WARN_OBJC_LITERAL_CONVERSION = YES;
				CLANG_WARN_OBJC_ROOT_CLASS = YES_ERROR;
				CLANG_WARN_QUOTED_INCLUDE_IN_FRAMEWORK_HEADER = YES;
				CLANG_WARN_RANGE_LOOP_ANALYSIS = YES;
				CLANG_WARN_STRICT_PROTOTYPES = YES;
				CLANG_WARN_SUSPICIOUS_MOVE = YES;
				CLANG_WARN_UNGUARDED_AVAILABILITY = YES_AGGRESSIVE;
				CLANG_WARN_UNREACHABLE_CODE = YES;
				CLANG_WARN__DUPLICATE_METHOD_MATCH = YES;
				COPY_PHASE_STRIP = NO;
				DEBUG_INFORMATION_FORMAT = "dwarf-with-dsym";
				ENABLE_NS_ASSERTIONS = NO;
				ENABLE_STRICT_OBJC_MSGSEND = YES;
				GCC_C_LANGUAGE_STANDARD = gnu11;
				GCC_NO_COMMON_BLOCKS = YES;
				GCC_WARN_64_TO_32_BIT_CONVERSION = YES;
				GCC_WARN_ABOUT_RETURN_TYPE = YES_ERROR;
				GCC_WARN_UNDECLARED_SELECTOR = YES;
				GCC_WARN_UNINITIALIZED_AUTOS = YES_AGGRESSIVE;
				GCC_WARN_UNUSED_FUNCTION = YES;
				GCC_WARN_UNUSED_VARIABLE = YES;
				MTL_ENABLE_DEBUG_INFO = NO;
				MTL_FAST_MATH = YES;
				SWIFT_COMPILATION_MODE = wholemodule;
				SWIFT_OPTIMIZATION_LEVEL = "-O";
			};
			name = Release;
		};
/* End XCBuildConfiguration section */

/* Begin XCConfigurationList section */
		DABFBCBB2A94BA480055185C /* Build configuration list for PBXNativeTarget "meadow.uitesting.mockup" */ = {
			isa = XCConfigurationList;
			buildConfigurations = (
				DABFBCBC2A94BA480055185C /* Debug */,
				DABFBCBD2A94BA480055185C /* Release */,
			);
			defaultConfigurationIsVisible = 0;
			defaultConfigurationName = Release;
		};
		DABFBCBE2A94BA480055185C /* Build configuration list for PBXNativeTarget "meadow.uitesting.mockupTests" */ = {
			isa = XCConfigurationList;
			buildConfigurations = (
				DABFBCBF2A94BA480055185C /* Debug */,
				DABFBCC02A94BA480055185C /* Release */,
			);
			defaultConfigurationIsVisible = 0;
			defaultConfigurationName = Release;
		};
		DABFBCC12A94BA480055185C /* Build configuration list for PBXNativeTarget "meadow.uitesting.mockupUITests" */ = {
			isa = XCConfigurationList;
			buildConfigurations = (
				DABFBCC22A94BA480055185C /* Debug */,
				DABFBCC32A94BA480055185C /* Release */,
			);
			defaultConfigurationIsVisible = 0;
			defaultConfigurationName = Release;
		};
		DAE3B3422A7AB9DD004C572A /* Build configuration list for PBXProject "meadow.uitesting.mockup" */ = {
			isa = XCConfigurationList;
			buildConfigurations = (
				DAE3B36A2A7AB9DF004C572A /* Debug */,
				DAE3B36B2A7AB9DF004C572A /* Release */,
			);
			defaultConfigurationIsVisible = 0;
			defaultConfigurationName = Release;
		};
/* End XCConfigurationList section */
	};
	rootObject = DAE3B33F2A7AB9DD004C572A /* Project object */;
}
